
Microsoft Visual Studio Solution File, Format Version 12.00
# Visual Studio Version 16
VisualStudioVersion = 16.0.30804.86
MinimumVisualStudioVersion = 10.0.40219.1
Project("{FAE04EC0-301F-11D3-BF4B-00C04F79EFBC}") = "WindowsFormsApp2", "WindowsFormsApp2\WindowsFormsApp2.csproj", "{AFA815CD-4B67-4EEB-9965-B3C36D2C7F03}"
EndProject
Global
	GlobalSection(SolutionConfigurationPlatforms) = preSolution
		Debug|Any CPU = Debug|Any CPU
		Release|Any CPU = Release|Any CPU
	EndGlobalSection
	GlobalSection(ProjectConfigurationPlatforms) = postSolution
		{AFA815CD-4B67-4EEB-9965-B3C36D2C7F03}.Debug|Any CPU.ActiveCfg = Debug|Any CPU
		{AFA815CD-4B67-4EEB-9965-B3C36D2C7F03}.Debug|Any CPU.Build.0 = Debug|Any CPU
		{AFA815CD-4B67-4EEB-9965-B3C36D2C7F03}.Release|Any CPU.ActiveCfg = Release|Any CPU
		{AFA815CD-4B67-4EEB-9965-B3C36D2C7F03}.Release|Any CPU.Build.0 = Release|Any CPU
	EndGlobalSection
	GlobalSection(SolutionProperties) = preSolution
		HideSolutionNode = FALSE
	EndGlobalSection
	GlobalSection(ExtensibilityGlobals) = postSolution
		SolutionGuid = {035E9038-2165-4E75-8655-419F9EC0815A}
	EndGlobalSection
EndGlobal
